
Microsoft Visual Studio Solution File, Format Version 12.00
# Visual Studio Version 16
VisualStudioVersion = 16.0.31624.102
MinimumVisualStudioVersion = 10.0.40219.1
Project("{FAE04EC0-301F-11D3-BF4B-00C04F79EFBC}") = "singleton.larab5", "singleton.larab5.csproj", "{71A0CCE2-FF3B-4FA5-89B6-855C0803B047}"
EndProject
Global
	GlobalSection(SolutionConfigurationPlatforms) = preSolution
		Debug|Any CPU = Debug|Any CPU
		Release|Any CPU = Release|Any CPU
	EndGlobalSection
	GlobalSection(ProjectConfigurationPlatforms) = postSolution
		{71A0CCE2-FF3B-4FA5-89B6-855C0803B047}.Debug|Any CPU.ActiveCfg = Debug|Any CPU
		{71A0CCE2-FF3B-4FA5-89B6-855C0803B047}.Debug|Any CPU.Build.0 = Debug|Any CPU
		{71A0CCE2-FF3B-4FA5-89B6-855C0803B047}.Release|Any CPU.ActiveCfg = Release|Any CPU
		{71A0CCE2-FF3B-4FA5-89B6-855C0803B047}.Release|Any CPU.Build.0 = Release|Any CPU
	EndGlobalSection
	GlobalSection(SolutionProperties) = preSolution
		HideSolutionNode = FALSE
	EndGlobalSection
	GlobalSection(ExtensibilityGlobals) = postSolution
		SolutionGuid = {A5654268-C6B4-412C-957D-30C59C2E3C04}
	EndGlobalSection
EndGlobal
